
Microsoft Visual Studio Solution File, Format Version 12.00
# Visual Studio Version 16
VisualStudioVersion = 16.0.31624.102
MinimumVisualStudioVersion = 10.0.40219.1
Project("{FAE04EC0-301F-11D3-BF4B-00C04F79EFBC}") = "kalkulacka", "kalkulacka\kalkulacka.csproj", "{D774C3FA-803E-4CE8-9F5A-846F7B3F9CB0}"
EndProject
Global
	GlobalSection(SolutionConfigurationPlatforms) = preSolution
		Debug|Any CPU = Debug|Any CPU
		Release|Any CPU = Release|Any CPU
	EndGlobalSection
	GlobalSection(ProjectConfigurationPlatforms) = postSolution
		{D774C3FA-803E-4CE8-9F5A-846F7B3F9CB0}.Debug|Any CPU.ActiveCfg = Debug|Any CPU
		{D774C3FA-803E-4CE8-9F5A-846F7B3F9CB0}.Debug|Any CPU.Build.0 = Debug|Any CPU
		{D774C3FA-803E-4CE8-9F5A-846F7B3F9CB0}.Release|Any CPU.ActiveCfg = Release|Any CPU
		{D774C3FA-803E-4CE8-9F5A-846F7B3F9CB0}.Release|Any CPU.Build.0 = Release|Any CPU
	EndGlobalSection
	GlobalSection(SolutionProperties) = preSolution
		HideSolutionNode = FALSE
	EndGlobalSection
	GlobalSection(ExtensibilityGlobals) = postSolution
		SolutionGuid = {74AF6D6B-4AFC-4C3D-A35B-54A87D751B60}
	EndGlobalSection
EndGlobal
